
Microsoft Visual Studio Solution File, Format Version 12.00
# Visual Studio Version 17
VisualStudioVersion = 17.5.33516.290
MinimumVisualStudioVersion = 10.0.40219.1
Project("{FAE04EC0-301F-11D3-BF4B-00C04F79EFBC}") = "DynamicArray", "DynamicArray.csproj", "{5BADC5F8-F340-4AF0-B784-AF4EDEC62C8C}"
EndProject
Global
	GlobalSection(SolutionConfigurationPlatforms) = preSolution
		Debug|Any CPU = Debug|Any CPU
		Release|Any CPU = Release|Any CPU
	EndGlobalSection
	GlobalSection(ProjectConfigurationPlatforms) = postSolution
		{5BADC5F8-F340-4AF0-B784-AF4EDEC62C8C}.Debug|Any CPU.ActiveCfg = Debug|Any CPU
		{5BADC5F8-F340-4AF0-B784-AF4EDEC62C8C}.Debug|Any CPU.Build.0 = Debug|Any CPU
		{5BADC5F8-F340-4AF0-B784-AF4EDEC62C8C}.Release|Any CPU.ActiveCfg = Release|Any CPU
		{5BADC5F8-F340-4AF0-B784-AF4EDEC62C8C}.Release|Any CPU.Build.0 = Release|Any CPU
	EndGlobalSection
	GlobalSection(SolutionProperties) = preSolution
		HideSolutionNode = FALSE
	EndGlobalSection
	GlobalSection(ExtensibilityGlobals) = postSolution
		SolutionGuid = {430E0894-E3AC-4ABD-9523-2E9EE3B6B40C}
	EndGlobalSection
EndGlobal
