
Microsoft Visual Studio Solution File, Format Version 12.00
# Visual Studio Version 17
VisualStudioVersion = 17.5.33516.290
MinimumVisualStudioVersion = 10.0.40219.1
Project("{FAE04EC0-301F-11D3-BF4B-00C04F79EFBC}") = "ParenthesisExpression", "ParenthesisExpression.csproj", "{009C7DBD-8B0A-4217-9BDA-4BC5E5198A19}"
EndProject
Global
	GlobalSection(SolutionConfigurationPlatforms) = preSolution
		Debug|Any CPU = Debug|Any CPU
		Release|Any CPU = Release|Any CPU
	EndGlobalSection
	GlobalSection(ProjectConfigurationPlatforms) = postSolution
		{009C7DBD-8B0A-4217-9BDA-4BC5E5198A19}.Debug|Any CPU.ActiveCfg = Debug|Any CPU
		{009C7DBD-8B0A-4217-9BDA-4BC5E5198A19}.Debug|Any CPU.Build.0 = Debug|Any CPU
		{009C7DBD-8B0A-4217-9BDA-4BC5E5198A19}.Release|Any CPU.ActiveCfg = Release|Any CPU
		{009C7DBD-8B0A-4217-9BDA-4BC5E5198A19}.Release|Any CPU.Build.0 = Release|Any CPU
	EndGlobalSection
	GlobalSection(SolutionProperties) = preSolution
		HideSolutionNode = FALSE
	EndGlobalSection
	GlobalSection(ExtensibilityGlobals) = postSolution
		SolutionGuid = {83D77BD1-D363-451A-A755-BD580707CA5C}
	EndGlobalSection
EndGlobal
