
Microsoft Visual Studio Solution File, Format Version 12.00
# Visual Studio Version 17
VisualStudioVersion = 17.5.33516.290
MinimumVisualStudioVersion = 10.0.40219.1
Project("{FAE04EC0-301F-11D3-BF4B-00C04F79EFBC}") = "SortingNumbers", "SortingNumbers.csproj", "{BBB0BA6C-347A-4122-9943-8E961870D8A8}"
EndProject
Global
	GlobalSection(SolutionConfigurationPlatforms) = preSolution
		Debug|Any CPU = Debug|Any CPU
		Release|Any CPU = Release|Any CPU
	EndGlobalSection
	GlobalSection(ProjectConfigurationPlatforms) = postSolution
		{BBB0BA6C-347A-4122-9943-8E961870D8A8}.Debug|Any CPU.ActiveCfg = Debug|Any CPU
		{BBB0BA6C-347A-4122-9943-8E961870D8A8}.Debug|Any CPU.Build.0 = Debug|Any CPU
		{BBB0BA6C-347A-4122-9943-8E961870D8A8}.Release|Any CPU.ActiveCfg = Release|Any CPU
		{BBB0BA6C-347A-4122-9943-8E961870D8A8}.Release|Any CPU.Build.0 = Release|Any CPU
	EndGlobalSection
	GlobalSection(SolutionProperties) = preSolution
		HideSolutionNode = FALSE
	EndGlobalSection
	GlobalSection(ExtensibilityGlobals) = postSolution
		SolutionGuid = {41B8748C-BF43-4635-B25E-7618B8A16BB7}
	EndGlobalSection
EndGlobal
