
Microsoft Visual Studio Solution File, Format Version 12.00
# Visual Studio Version 17
VisualStudioVersion = 17.6.33815.320
MinimumVisualStudioVersion = 10.0.40219.1
Project("{FAE04EC0-301F-11D3-BF4B-00C04F79EFBC}") = "ControlExit", "ControlExit.csproj", "{B9FE198C-B867-4258-85B6-515444D42C4F}"
EndProject
Global
	GlobalSection(SolutionConfigurationPlatforms) = preSolution
		Debug|Any CPU = Debug|Any CPU
		Release|Any CPU = Release|Any CPU
	EndGlobalSection
	GlobalSection(ProjectConfigurationPlatforms) = postSolution
		{B9FE198C-B867-4258-85B6-515444D42C4F}.Debug|Any CPU.ActiveCfg = Debug|Any CPU
		{B9FE198C-B867-4258-85B6-515444D42C4F}.Debug|Any CPU.Build.0 = Debug|Any CPU
		{B9FE198C-B867-4258-85B6-515444D42C4F}.Release|Any CPU.ActiveCfg = Release|Any CPU
		{B9FE198C-B867-4258-85B6-515444D42C4F}.Release|Any CPU.Build.0 = Release|Any CPU
	EndGlobalSection
	GlobalSection(SolutionProperties) = preSolution
		HideSolutionNode = FALSE
	EndGlobalSection
	GlobalSection(ExtensibilityGlobals) = postSolution
		SolutionGuid = {32724226-B638-479A-9F96-01A84A30A70A}
	EndGlobalSection
EndGlobal
