
Microsoft Visual Studio Solution File, Format Version 12.00
# Visual Studio Version 17
VisualStudioVersion = 17.6.33815.320
MinimumVisualStudioVersion = 10.0.40219.1
Project("{FAE04EC0-301F-11D3-BF4B-00C04F79EFBC}") = "MultiplesNumbers", "MultiplesNumbers.csproj", "{8A53B069-E38B-4734-8D82-DB9E92DEC233}"
EndProject
Global
	GlobalSection(SolutionConfigurationPlatforms) = preSolution
		Debug|Any CPU = Debug|Any CPU
		Release|Any CPU = Release|Any CPU
	EndGlobalSection
	GlobalSection(ProjectConfigurationPlatforms) = postSolution
		{8A53B069-E38B-4734-8D82-DB9E92DEC233}.Debug|Any CPU.ActiveCfg = Debug|Any CPU
		{8A53B069-E38B-4734-8D82-DB9E92DEC233}.Debug|Any CPU.Build.0 = Debug|Any CPU
		{8A53B069-E38B-4734-8D82-DB9E92DEC233}.Release|Any CPU.ActiveCfg = Release|Any CPU
		{8A53B069-E38B-4734-8D82-DB9E92DEC233}.Release|Any CPU.Build.0 = Release|Any CPU
	EndGlobalSection
	GlobalSection(SolutionProperties) = preSolution
		HideSolutionNode = FALSE
	EndGlobalSection
	GlobalSection(ExtensibilityGlobals) = postSolution
		SolutionGuid = {0206FEC2-6589-43B6-8B98-7E2C047E5FF4}
	EndGlobalSection
EndGlobal
