
Microsoft Visual Studio Solution File, Format Version 12.00
# Visual Studio Version 17
VisualStudioVersion = 17.6.33815.320
MinimumVisualStudioVersion = 10.0.40219.1
Project("{FAE04EC0-301F-11D3-BF4B-00C04F79EFBC}") = "CrystalShop", "CrystalShop.csproj", "{B7C91BE7-E447-4F51-B0AD-722811E6EC92}"
EndProject
Global
	GlobalSection(SolutionConfigurationPlatforms) = preSolution
		Debug|Any CPU = Debug|Any CPU
		Release|Any CPU = Release|Any CPU
	EndGlobalSection
	GlobalSection(ProjectConfigurationPlatforms) = postSolution
		{B7C91BE7-E447-4F51-B0AD-722811E6EC92}.Debug|Any CPU.ActiveCfg = Debug|Any CPU
		{B7C91BE7-E447-4F51-B0AD-722811E6EC92}.Debug|Any CPU.Build.0 = Debug|Any CPU
		{B7C91BE7-E447-4F51-B0AD-722811E6EC92}.Release|Any CPU.ActiveCfg = Release|Any CPU
		{B7C91BE7-E447-4F51-B0AD-722811E6EC92}.Release|Any CPU.Build.0 = Release|Any CPU
	EndGlobalSection
	GlobalSection(SolutionProperties) = preSolution
		HideSolutionNode = FALSE
	EndGlobalSection
	GlobalSection(ExtensibilityGlobals) = postSolution
		SolutionGuid = {4FC3D75D-4F54-4AFF-AB2E-0465C149C467}
	EndGlobalSection
EndGlobal
